{
  "name": "package-client",
  "version": "1.0.0",
  "lockfileVersion": 1,
  "requires": true,
  "dependencies": {
    "@example/package-0": {
      "version": "1.0.0",
      "resolved": "http://localhost:4873/@example%2fpackage-0/-/package-0-1.0.0.tgz",
      "integrity": "sha512-Pg501AsLtFcSLr45FG3kBW3z5BOR/ikzTg1MnkLss9LIpSgURuVdRMTPpyT6WOMAtEblscfnngOwy5hL+BH5ew==",
      "requires": {
        "@example/package-1": "1.0.0"
      },
      "dependencies": {
        "@example/package-1": {
          "version": "1.0.0",
          "resolved": "http://localhost:4873/@example%2fpackage-1/-/package-1-1.0.0.tgz",
          "integrity": "sha512-SuCw96hggrFw/rAQ10PdKQuMYiT4sn+OjBXFGAD1O92/ofqNtyLRiZpFdt0CbxsngcJivMX9qXi/oZ+HcAa+vA=="
        }
      }
    },
    "@example/package-1": {
      "version": "1.0.1",
      "resolved": "http://localhost:4873/@example%2fpackage-1/-/package-1-1.0.1.tgz",
      "integrity": "sha512-9XPgGYk/Dv52XX680HACO/Z2Q0/lZdaySa3KhMaaQ0CCSOJj9dRB71Tz2TAGUupHy51g7ZsVsZk8ZpdAN+xddw=="
    }
  }
}
