{
  "name": "example-client",
  "version": "1.0.0",
  "lockfileVersion": 1,
  "requires": true,
  "dependencies": {
    "@example/example-1": {
      "version": "1.0.1",
      "resolved": "http://localhost:4873/@example%2fexample-1/-/example-1-1.0.1.tgz",
      "integrity": "sha512-fUjRYIZ/+tb07cXnTvdTxBA5sZfhGQsz6Savs5xf8I4+qEYeSpYXYYAb3sCGsnoFdLzAHGxJuWaFE8p6vGRf/w=="
    }
  }
}
